
Microsoft Visual Studio Solution File, Format Version 12.00
# Visual Studio Version 17
VisualStudioVersion = 17.9.34622.214
MinimumVisualStudioVersion = 10.0.40219.1
Project("{9A19103F-16F7-4668-BE54-9A1E7A4F7556}") = "Caculator", "BaiTap_Tuan-1-2\Caculator.csproj", "{BCA900D5-18B3-4205-8C7D-23FEB3DB2124}"
EndProject
Project("{9A19103F-16F7-4668-BE54-9A1E7A4F7556}") = "SimpleWindowExplorer", "SimpleWindowExplorer\SimpleWindowExplorer.csproj", "{DD39CB8B-487D-427C-AEB7-50146828D34A}"
EndProject
Project("{9A19103F-16F7-4668-BE54-9A1E7A4F7556}") = "Baitap3_Client", "..\..\NT106.O22_Nhom05_Tuan5-7-main\Client\Baitap3_Client.csproj", "{83067264-2D6D-4447-A309-1A524ADA5F04}"
EndProject
Project("{9A19103F-16F7-4668-BE54-9A1E7A4F7556}") = "Baitap3_Server", "..\..\NT106.O22_Nhom05_Tuan5-7-main\Server\Baitap3_Server.csproj", "{3063F875-D673-4CE3-B29D-1783727F29A7}"
EndProject
Global
	GlobalSection(SolutionConfigurationPlatforms) = preSolution
		Debug|Any CPU = Debug|Any CPU
		Release|Any CPU = Release|Any CPU
	EndGlobalSection
	GlobalSection(ProjectConfigurationPlatforms) = postSolution
		{BCA900D5-18B3-4205-8C7D-23FEB3DB2124}.Debug|Any CPU.ActiveCfg = Debug|Any CPU
		{BCA900D5-18B3-4205-8C7D-23FEB3DB2124}.Debug|Any CPU.Build.0 = Debug|Any CPU
		{BCA900D5-18B3-4205-8C7D-23FEB3DB2124}.Release|Any CPU.ActiveCfg = Release|Any CPU
		{BCA900D5-18B3-4205-8C7D-23FEB3DB2124}.Release|Any CPU.Build.0 = Release|Any CPU
		{DD39CB8B-487D-427C-AEB7-50146828D34A}.Debug|Any CPU.ActiveCfg = Debug|Any CPU
		{DD39CB8B-487D-427C-AEB7-50146828D34A}.Debug|Any CPU.Build.0 = Debug|Any CPU
		{DD39CB8B-487D-427C-AEB7-50146828D34A}.Release|Any CPU.ActiveCfg = Release|Any CPU
		{DD39CB8B-487D-427C-AEB7-50146828D34A}.Release|Any CPU.Build.0 = Release|Any CPU
		{83067264-2D6D-4447-A309-1A524ADA5F04}.Debug|Any CPU.ActiveCfg = Debug|Any CPU
		{83067264-2D6D-4447-A309-1A524ADA5F04}.Debug|Any CPU.Build.0 = Debug|Any CPU
		{83067264-2D6D-4447-A309-1A524ADA5F04}.Release|Any CPU.ActiveCfg = Release|Any CPU
		{83067264-2D6D-4447-A309-1A524ADA5F04}.Release|Any CPU.Build.0 = Release|Any CPU
		{3063F875-D673-4CE3-B29D-1783727F29A7}.Debug|Any CPU.ActiveCfg = Debug|Any CPU
		{3063F875-D673-4CE3-B29D-1783727F29A7}.Debug|Any CPU.Build.0 = Debug|Any CPU
		{3063F875-D673-4CE3-B29D-1783727F29A7}.Release|Any CPU.ActiveCfg = Release|Any CPU
		{3063F875-D673-4CE3-B29D-1783727F29A7}.Release|Any CPU.Build.0 = Release|Any CPU
	EndGlobalSection
	GlobalSection(SolutionProperties) = preSolution
		HideSolutionNode = FALSE
	EndGlobalSection
	GlobalSection(ExtensibilityGlobals) = postSolution
		SolutionGuid = {70ADC5F4-FFCA-448E-89DC-B64AEC74D789}
	EndGlobalSection
EndGlobal
